{
  "name": "textlint-plugin-tsdoc",
  "version": "0.0.0",
  "lockfileVersion": 2,
  "requires": true,
  "packages": {
    "": {
      "name": "textlint-plugin-tsdoc",
      "version": "0.0.0",
      "license": "MIT",
      "dependencies": {
        "@microsoft/tsdoc": "^0.14.2"
      },
      "devDependencies": {
        "@textlint/ast-tester": "^12.2.3",
        "@textlint/types": "^12.2.3",
        "@tsconfig/strictest": "^1.0.2",
        "@types/node": "^18.11.15",
        "typescript": "^4.9.4"
      }
    },
    "node_modules/@microsoft/tsdoc": {
      "version": "0.14.2",
      "resolved": "https://registry.npmjs.org/@microsoft/tsdoc/-/tsdoc-0.14.2.tgz",
      "integrity": "sha512-9b8mPpKrfeGRuhFH5iO1iwCLeIIsV6+H1sRfxbkoGXIyQE2BTsPd9zqSqQJ+pv5sJ/hT5M1zvOFL02MnEezFug=="
    },
    "node_modules/@textlint/ast-node-types": {
      "version": "12.2.2",
      "resolved": "https://registry.npmjs.org/@textlint/ast-node-types/-/ast-node-types-12.2.2.tgz",
      "integrity": "sha512-VQAXUSGdmEajHXrMxeM9ZTS8UBJSVB0ghJFHpFfqYKlcDsjIqClSmTprY6521HoCoSLoUIGBxTC3jQyUMJFIWw==",
      "dev": true
    },
    "node_modules/@textlint/ast-tester": {
      "version": "12.2.3",
      "resolved": "https://registry.npmjs.org/@textlint/ast-tester/-/ast-tester-12.2.3.tgz",
      "integrity": "sha512-+yLj38mgrluEFXD8rmwmMo+2lQbrx3v5aQBkHUZdddAq/1LJu4qqctikUzAeVRJZPWKsdLrN3vaLT2rp4h8KYg==",
      "dev": true,
      "dependencies": {
        "@textlint/ast-node-types": "^12.2.2",
        "debug": "^4.3.4"
      }
    },
    "node_modules/@textlint/types": {
      "version": "12.2.3",
      "resolved": "https://registry.npmjs.org/@textlint/types/-/types-12.2.3.tgz",
      "integrity": "sha512-7948CPxVsZu99zlIWDyxwT6MI33WpwKwVSD9jk0e5M8VcdxMUnecVq6D40h8LAtfsT5V8NTJqFxKFT6+LpiBvg==",
      "dev": true,
      "dependencies": {
        "@textlint/ast-node-types": "^12.2.2"
      }
    },
    "node_modules/@tsconfig/strictest": {
      "version": "1.0.2",
      "resolved": "https://registry.npmjs.org/@tsconfig/strictest/-/strictest-1.0.2.tgz",
      "integrity": "sha512-IRKlC8cnP7zMz1SDBjyIVyPapkEGWLZ6wkF6Z8T+xU80P9sO5uGXlIUvtzjx+7ehPJRWxkB6CeIDwUfyqNtYkQ==",
      "dev": true
    },
    "node_modules/@types/node": {
      "version": "18.11.15",
      "resolved": "https://registry.npmjs.org/@types/node/-/node-18.11.15.tgz",
      "integrity": "sha512-VkhBbVo2+2oozlkdHXLrb3zjsRkpdnaU2bXmX8Wgle3PUi569eLRaHGlgETQHR7lLL1w7GiG3h9SnePhxNDecw==",
      "dev": true
    },
    "node_modules/debug": {
      "version": "4.3.4",
      "resolved": "https://registry.npmjs.org/debug/-/debug-4.3.4.tgz",
      "integrity": "sha512-PRWFHuSU3eDtQJPvnNY7Jcket1j0t5OuOsFzPPzsekD52Zl8qUfFIPEiswXqIvHWGVHOgX+7G/vCNNhehwxfkQ==",
      "dev": true,
      "dependencies": {
        "ms": "2.1.2"
      },
      "engines": {
        "node": ">=6.0"
      },
      "peerDependenciesMeta": {
        "supports-color": {
          "optional": true
        }
      }
    },
    "node_modules/ms": {
      "version": "2.1.2",
      "resolved": "https://registry.npmjs.org/ms/-/ms-2.1.2.tgz",
      "integrity": "sha512-sGkPx+VjMtmA6MX27oA4FBFELFCZZ4S4XqeGOXCv68tT+jb3vk/RyaKWP0PTKyWtmLSM0b+adUTEvbs1PEaH2w==",
      "dev": true
    },
    "node_modules/typescript": {
      "version": "4.9.4",
      "resolved": "https://registry.npmjs.org/typescript/-/typescript-4.9.4.tgz",
      "integrity": "sha512-Uz+dTXYzxXXbsFpM86Wh3dKCxrQqUcVMxwU54orwlJjOpO3ao8L7j5lH+dWfTwgCwIuM9GQ2kvVotzYJMXTBZg==",
      "dev": true,
      "bin": {
        "tsc": "bin/tsc",
        "tsserver": "bin/tsserver"
      },
      "engines": {
        "node": ">=4.2.0"
      }
    }
  },
  "dependencies": {
    "@microsoft/tsdoc": {
      "version": "0.14.2",
      "resolved": "https://registry.npmjs.org/@microsoft/tsdoc/-/tsdoc-0.14.2.tgz",
      "integrity": "sha512-9b8mPpKrfeGRuhFH5iO1iwCLeIIsV6+H1sRfxbkoGXIyQE2BTsPd9zqSqQJ+pv5sJ/hT5M1zvOFL02MnEezFug=="
    },
    "@textlint/ast-node-types": {
      "version": "12.2.2",
      "resolved": "https://registry.npmjs.org/@textlint/ast-node-types/-/ast-node-types-12.2.2.tgz",
      "integrity": "sha512-VQAXUSGdmEajHXrMxeM9ZTS8UBJSVB0ghJFHpFfqYKlcDsjIqClSmTprY6521HoCoSLoUIGBxTC3jQyUMJFIWw==",
      "dev": true
    },
    "@textlint/ast-tester": {
      "version": "12.2.3",
      "resolved": "https://registry.npmjs.org/@textlint/ast-tester/-/ast-tester-12.2.3.tgz",
      "integrity": "sha512-+yLj38mgrluEFXD8rmwmMo+2lQbrx3v5aQBkHUZdddAq/1LJu4qqctikUzAeVRJZPWKsdLrN3vaLT2rp4h8KYg==",
      "dev": true,
      "requires": {
        "@textlint/ast-node-types": "^12.2.2",
        "debug": "^4.3.4"
      }
    },
    "@textlint/types": {
      "version": "12.2.3",
      "resolved": "https://registry.npmjs.org/@textlint/types/-/types-12.2.3.tgz",
      "integrity": "sha512-7948CPxVsZu99zlIWDyxwT6MI33WpwKwVSD9jk0e5M8VcdxMUnecVq6D40h8LAtfsT5V8NTJqFxKFT6+LpiBvg==",
      "dev": true,
      "requires": {
        "@textlint/ast-node-types": "^12.2.2"
      }
    },
    "@tsconfig/strictest": {
      "version": "1.0.2",
      "resolved": "https://registry.npmjs.org/@tsconfig/strictest/-/strictest-1.0.2.tgz",
      "integrity": "sha512-IRKlC8cnP7zMz1SDBjyIVyPapkEGWLZ6wkF6Z8T+xU80P9sO5uGXlIUvtzjx+7ehPJRWxkB6CeIDwUfyqNtYkQ==",
      "dev": true
    },
    "@types/node": {
      "version": "18.11.15",
      "resolved": "https://registry.npmjs.org/@types/node/-/node-18.11.15.tgz",
      "integrity": "sha512-VkhBbVo2+2oozlkdHXLrb3zjsRkpdnaU2bXmX8Wgle3PUi569eLRaHGlgETQHR7lLL1w7GiG3h9SnePhxNDecw==",
      "dev": true
    },
    "debug": {
      "version": "4.3.4",
      "resolved": "https://registry.npmjs.org/debug/-/debug-4.3.4.tgz",
      "integrity": "sha512-PRWFHuSU3eDtQJPvnNY7Jcket1j0t5OuOsFzPPzsekD52Zl8qUfFIPEiswXqIvHWGVHOgX+7G/vCNNhehwxfkQ==",
      "dev": true,
      "requires": {
        "ms": "2.1.2"
      }
    },
    "ms": {
      "version": "2.1.2",
      "resolved": "https://registry.npmjs.org/ms/-/ms-2.1.2.tgz",
      "integrity": "sha512-sGkPx+VjMtmA6MX27oA4FBFELFCZZ4S4XqeGOXCv68tT+jb3vk/RyaKWP0PTKyWtmLSM0b+adUTEvbs1PEaH2w==",
      "dev": true
    },
    "typescript": {
      "version": "4.9.4",
      "resolved": "https://registry.npmjs.org/typescript/-/typescript-4.9.4.tgz",
      "integrity": "sha512-Uz+dTXYzxXXbsFpM86Wh3dKCxrQqUcVMxwU54orwlJjOpO3ao8L7j5lH+dWfTwgCwIuM9GQ2kvVotzYJMXTBZg==",
      "dev": true
    }
  }
}
